
Microsoft Visual Studio Solution File, Format Version 12.00
# Visual Studio Version 16
VisualStudioVersion = 25.0.1700.2
MinimumVisualStudioVersion = 10.0.40219.1
Project("{FAE04EC0-301F-11D3-BF4B-00C04F79EFBC}") = "GeraEstoque", "GeraEstoque\GeraEstoque.csproj", "{0DB8D77A-42DF-4007-8C54-86F331AB420E}"
EndProject
Global
	GlobalSection(SolutionConfigurationPlatforms) = preSolution
		Debug|Any CPU = Debug|Any CPU
		Release|Any CPU = Release|Any CPU
	EndGlobalSection
	GlobalSection(ProjectConfigurationPlatforms) = postSolution
		{0DB8D77A-42DF-4007-8C54-86F331AB420E}.Debug|Any CPU.ActiveCfg = Debug|Any CPU
		{0DB8D77A-42DF-4007-8C54-86F331AB420E}.Debug|Any CPU.Build.0 = Debug|Any CPU
		{0DB8D77A-42DF-4007-8C54-86F331AB420E}.Release|Any CPU.ActiveCfg = Release|Any CPU
		{0DB8D77A-42DF-4007-8C54-86F331AB420E}.Release|Any CPU.Build.0 = Release|Any CPU
	EndGlobalSection
	GlobalSection(SolutionProperties) = preSolution
		HideSolutionNode = FALSE
	EndGlobalSection
	GlobalSection(ExtensibilityGlobals) = postSolution
		SolutionGuid = {247FA3B9-30ED-4CDA-825B-5324D501A686}
	EndGlobalSection
EndGlobal
